
Microsoft Visual Studio Solution File, Format Version 12.00
# Visual Studio Version 17
VisualStudioVersion = 17.11.35312.102
MinimumVisualStudioVersion = 10.0.40219.1
Project("{FAE04EC0-301F-11D3-BF4B-00C04F79EFBC}") = "IMDBListesi", "IMDBListesi\IMDBListesi.csproj", "{AEA02CA9-ECDC-46C9-A477-8B01C96AFCB2}"
EndProject
Global
	GlobalSection(SolutionConfigurationPlatforms) = preSolution
		Debug|Any CPU = Debug|Any CPU
		Release|Any CPU = Release|Any CPU
	EndGlobalSection
	GlobalSection(ProjectConfigurationPlatforms) = postSolution
		{AEA02CA9-ECDC-46C9-A477-8B01C96AFCB2}.Debug|Any CPU.ActiveCfg = Debug|Any CPU
		{AEA02CA9-ECDC-46C9-A477-8B01C96AFCB2}.Debug|Any CPU.Build.0 = Debug|Any CPU
		{AEA02CA9-ECDC-46C9-A477-8B01C96AFCB2}.Release|Any CPU.ActiveCfg = Release|Any CPU
		{AEA02CA9-ECDC-46C9-A477-8B01C96AFCB2}.Release|Any CPU.Build.0 = Release|Any CPU
	EndGlobalSection
	GlobalSection(SolutionProperties) = preSolution
		HideSolutionNode = FALSE
	EndGlobalSection
	GlobalSection(ExtensibilityGlobals) = postSolution
		SolutionGuid = {A204EDBA-0020-476F-AD1A-7E1E82697C52}
	EndGlobalSection
EndGlobal
